// !$*UTF8*$!
{
	archiveVersion = 1;
	classes = {
	};
	objectVersion = 50;
	objects = {

/* Begin PBXBuildFile section */
		0B09E352242D06360027CA3F /* AppDelegate.swift in Sources */ = {isa = PBXBuildFile; fileRef = 0B09E351242D06360027CA3F /* AppDelegate.swift */; };
		0B09E354242D06360027CA3F /* SceneDelegate.swift in Sources */ = {isa = PBXBuildFile; fileRef = 0B09E353242D06360027CA3F /* SceneDelegate.swift */; };
		0B09E35B242D06390027CA3F /* Assets.xcassets in Resources */ = {isa = PBXBuildFile; fileRef = 0B09E35A242D06390027CA3F /* Assets.xcassets */; };
		0B09E369242D06390027CA3F /* eateatTests.swift in Sources */ = {isa = PBXBuildFile; fileRef = 0B09E368242D06390027CA3F /* eateatTests.swift */; };
		0B09E374242D06390027CA3F /* eateatUITests.swift in Sources */ = {isa = PBXBuildFile; fileRef = 0B09E373242D06390027CA3F /* eateatUITests.swift */; };
		0B09E382242D0A8C0027CA3F /* SplashViewController.swift in Sources */ = {isa = PBXBuildFile; fileRef = 0B09E381242D0A8C0027CA3F /* SplashViewController.swift */; };
		0B09E389242D15910027CA3F /* LoginViewController.swift in Sources */ = {isa = PBXBuildFile; fileRef = 0B09E388242D15910027CA3F /* LoginViewController.swift */; };
		0B09E38B242D15AF0027CA3F /* LoginView.xib in Resources */ = {isa = PBXBuildFile; fileRef = 0B09E38A242D15AF0027CA3F /* LoginView.xib */; };
		0B09E38E242D600C0027CA3F /* Localizable.strings in Resources */ = {isa = PBXBuildFile; fileRef = 0B09E390242D600C0027CA3F /* Localizable.strings */; };
		0B09E395242EA1530027CA3F /* RestaurnatListViewController.swift in Sources */ = {isa = PBXBuildFile; fileRef = 0B09E394242EA1530027CA3F /* RestaurnatListViewController.swift */; };
		0B09E397242EA1F10027CA3F /* UIResponderExt.swift in Sources */ = {isa = PBXBuildFile; fileRef = 0B09E396242EA1F10027CA3F /* UIResponderExt.swift */; };
		0B09E39A242ED55B0027CA3F /* LoginViewModel.swift in Sources */ = {isa = PBXBuildFile; fileRef = 0B09E399242ED55B0027CA3F /* LoginViewModel.swift */; };
		CD4942FB243A9A52008E3938 /* TextInput.swift in Sources */ = {isa = PBXBuildFile; fileRef = CD4942F9243A9A52008E3938 /* TextInput.swift */; };
		CD4942FC243A9A52008E3938 /* TextView.swift in Sources */ = {isa = PBXBuildFile; fileRef = CD4942FA243A9A52008E3938 /* TextView.swift */; };
		CD4942FE243ABEB4008E3938 /* BaseButton.swift in Sources */ = {isa = PBXBuildFile; fileRef = CD4942FD243ABEB4008E3938 /* BaseButton.swift */; };
		CD942D402443DFED00F9C8D9 /* LoginInteractor.swift in Sources */ = {isa = PBXBuildFile; fileRef = CD942D3F2443DFED00F9C8D9 /* LoginInteractor.swift */; };
		CDCFC731244EA05B0072424A /* LoginClient.swift in Sources */ = {isa = PBXBuildFile; fileRef = CDCFC730244EA05B0072424A /* LoginClient.swift */; };
/* End PBXBuildFile section */

/* Begin PBXContainerItemProxy section */
		0B09E365242D06390027CA3F /* PBXContainerItemProxy */ = {
			isa = PBXContainerItemProxy;
			containerPortal = 0B09E346242D06360027CA3F /* Project object */;
			proxyType = 1;
			remoteGlobalIDString = 0B09E34D242D06360027CA3F;
			remoteInfo = eateat;
		};
		0B09E370242D06390027CA3F /* PBXContainerItemProxy */ = {
			isa = PBXContainerItemProxy;
			containerPortal = 0B09E346242D06360027CA3F /* Project object */;
			proxyType = 1;
			remoteGlobalIDString = 0B09E34D242D06360027CA3F;
			remoteInfo = eateat;
		};
/* End PBXContainerItemProxy section */

/* Begin PBXFileReference section */
		0B09E34E242D06360027CA3F /* EatEat.app */ = {isa = PBXFileReference; explicitFileType = wrapper.application; includeInIndex = 0; path = EatEat.app; sourceTree = BUILT_PRODUCTS_DIR; };
		0B09E351242D06360027CA3F /* AppDelegate.swift */ = {isa = PBXFileReference; lastKnownFileType = sourcecode.swift; path = AppDelegate.swift; sourceTree = "<group>"; };
		0B09E353242D06360027CA3F /* SceneDelegate.swift */ = {isa = PBXFileReference; lastKnownFileType = sourcecode.swift; path = SceneDelegate.swift; sourceTree = "<group>"; };
		0B09E35A242D06390027CA3F /* Assets.xcassets */ = {isa = PBXFileReference; lastKnownFileType = folder.assetcatalog; path = Assets.xcassets; sourceTree = "<group>"; };
		0B09E35F242D06390027CA3F /* Info.plist */ = {isa = PBXFileReference; lastKnownFileType = text.plist.xml; path = Info.plist; sourceTree = "<group>"; };
		0B09E364242D06390027CA3F /* EatEatTests.xctest */ = {isa = PBXFileReference; explicitFileType = wrapper.cfbundle; includeInIndex = 0; path = EatEatTests.xctest; sourceTree = BUILT_PRODUCTS_DIR; };
		0B09E368242D06390027CA3F /* eateatTests.swift */ = {isa = PBXFileReference; lastKnownFileType = sourcecode.swift; path = eateatTests.swift; sourceTree = "<group>"; };
		0B09E36A242D06390027CA3F /* Info.plist */ = {isa = PBXFileReference; lastKnownFileType = text.plist.xml; path = Info.plist; sourceTree = "<group>"; };
		0B09E36F242D06390027CA3F /* EatEatUITests.xctest */ = {isa = PBXFileReference; explicitFileType = wrapper.cfbundle; includeInIndex = 0; path = EatEatUITests.xctest; sourceTree = BUILT_PRODUCTS_DIR; };
		0B09E373242D06390027CA3F /* eateatUITests.swift */ = {isa = PBXFileReference; lastKnownFileType = sourcecode.swift; path = eateatUITests.swift; sourceTree = "<group>"; };
		0B09E375242D06390027CA3F /* Info.plist */ = {isa = PBXFileReference; lastKnownFileType = text.plist.xml; path = Info.plist; sourceTree = "<group>"; };
		0B09E381242D0A8C0027CA3F /* SplashViewController.swift */ = {isa = PBXFileReference; lastKnownFileType = sourcecode.swift; path = SplashViewController.swift; sourceTree = "<group>"; };
		0B09E388242D15910027CA3F /* LoginViewController.swift */ = {isa = PBXFileReference; lastKnownFileType = sourcecode.swift; path = LoginViewController.swift; sourceTree = "<group>"; };
		0B09E38A242D15AF0027CA3F /* LoginView.xib */ = {isa = PBXFileReference; lastKnownFileType = file.xib; path = LoginView.xib; sourceTree = "<group>"; };
		0B09E38F242D600C0027CA3F /* en */ = {isa = PBXFileReference; lastKnownFileType = text.plist.strings; name = en; path = en.lproj/Localizable.strings; sourceTree = "<group>"; };
		0B09E392242D619E0027CA3F /* pt-BR */ = {isa = PBXFileReference; lastKnownFileType = text.plist.strings; name = "pt-BR"; path = "pt-BR.lproj/Localizable.strings"; sourceTree = "<group>"; };
		0B09E394242EA1530027CA3F /* RestaurnatListViewController.swift */ = {isa = PBXFileReference; lastKnownFileType = sourcecode.swift; path = RestaurnatListViewController.swift; sourceTree = "<group>"; };
		0B09E396242EA1F10027CA3F /* UIResponderExt.swift */ = {isa = PBXFileReference; lastKnownFileType = sourcecode.swift; path = UIResponderExt.swift; sourceTree = "<group>"; };
		0B09E399242ED55B0027CA3F /* LoginViewModel.swift */ = {isa = PBXFileReference; lastKnownFileType = sourcecode.swift; path = LoginViewModel.swift; sourceTree = "<group>"; };
		CD4942F9243A9A52008E3938 /* TextInput.swift */ = {isa = PBXFileReference; fileEncoding = 4; lastKnownFileType = sourcecode.swift; name = TextInput.swift; path = eateat/Components/TextInput.swift; sourceTree = SOURCE_ROOT; };
		CD4942FA243A9A52008E3938 /* TextView.swift */ = {isa = PBXFileReference; fileEncoding = 4; lastKnownFileType = sourcecode.swift; name = TextView.swift; path = eateat/Components/TextView.swift; sourceTree = SOURCE_ROOT; };
		CD4942FD243ABEB4008E3938 /* BaseButton.swift */ = {isa = PBXFileReference; lastKnownFileType = sourcecode.swift; path = BaseButton.swift; sourceTree = "<group>"; };
		CD942D3F2443DFED00F9C8D9 /* LoginInteractor.swift */ = {isa = PBXFileReference; lastKnownFileType = sourcecode.swift; path = LoginInteractor.swift; sourceTree = "<group>"; };
		CDCFC730244EA05B0072424A /* LoginClient.swift */ = {isa = PBXFileReference; lastKnownFileType = sourcecode.swift; path = LoginClient.swift; sourceTree = "<group>"; };
		CDDC247D2442D7F900238A4F /* README.md */ = {isa = PBXFileReference; lastKnownFileType = net.daringfireball.markdown; path = README.md; sourceTree = "<group>"; };
/* End PBXFileReference section */

/* Begin PBXFrameworksBuildPhase section */
		0B09E34B242D06360027CA3F /* Frameworks */ = {
			isa = PBXFrameworksBuildPhase;
			buildActionMask = 2147483647;
			files = (
			);
			runOnlyForDeploymentPostprocessing = 0;
		};
		0B09E361242D06390027CA3F /* Frameworks */ = {
			isa = PBXFrameworksBuildPhase;
			buildActionMask = 2147483647;
			files = (
			);
			runOnlyForDeploymentPostprocessing = 0;
		};
		0B09E36C242D06390027CA3F /* Frameworks */ = {
			isa = PBXFrameworksBuildPhase;
			buildActionMask = 2147483647;
			files = (
			);
			runOnlyForDeploymentPostprocessing = 0;
		};
/* End PBXFrameworksBuildPhase section */

/* Begin PBXGroup section */
		0B09E345242D06360027CA3F = {
			isa = PBXGroup;
			children = (
				CDDC247D2442D7F900238A4F /* README.md */,
				0B09E350242D06360027CA3F /* EatEat */,
				0B09E367242D06390027CA3F /* EatEatTests */,
				0B09E372242D06390027CA3F /* EatEatUITests */,
				0B09E34F242D06360027CA3F /* Products */,
			);
			sourceTree = "<group>";
		};
		0B09E34F242D06360027CA3F /* Products */ = {
			isa = PBXGroup;
			children = (
				0B09E34E242D06360027CA3F /* EatEat.app */,
				0B09E364242D06390027CA3F /* EatEatTests.xctest */,
				0B09E36F242D06390027CA3F /* EatEatUITests.xctest */,
			);
			name = Products;
			sourceTree = "<group>";
		};
		0B09E350242D06360027CA3F /* EatEat */ = {
			isa = PBXGroup;
			children = (
				0B09E351242D06360027CA3F /* AppDelegate.swift */,
				0B09E353242D06360027CA3F /* SceneDelegate.swift */,
				0B09E381242D0A8C0027CA3F /* SplashViewController.swift */,
				0B09E385242D0D980027CA3F /* Login */,
				0B09E393242E53AC0027CA3F /* Restaurant */,
				CD4942F8243A99C5008E3938 /* Components */,
				0B09E398242EA4350027CA3F /* Extensions */,
				0B09E35F242D06390027CA3F /* Info.plist */,
				0B09E390242D600C0027CA3F /* Localizable.strings */,
				0B09E35A242D06390027CA3F /* Assets.xcassets */,
			);
			path = EatEat;
			sourceTree = "<group>";
		};
		0B09E367242D06390027CA3F /* EatEatTests */ = {
			isa = PBXGroup;
			children = (
				0B09E368242D06390027CA3F /* eateatTests.swift */,
				0B09E36A242D06390027CA3F /* Info.plist */,
			);
			path = EatEatTests;
			sourceTree = "<group>";
		};
		0B09E372242D06390027CA3F /* EatEatUITests */ = {
			isa = PBXGroup;
			children = (
				0B09E373242D06390027CA3F /* eateatUITests.swift */,
				0B09E375242D06390027CA3F /* Info.plist */,
			);
			path = EatEatUITests;
			sourceTree = "<group>";
		};
		0B09E385242D0D980027CA3F /* Login */ = {
			isa = PBXGroup;
			children = (
				0B09E388242D15910027CA3F /* LoginViewController.swift */,
				0B09E38A242D15AF0027CA3F /* LoginView.xib */,
				0B09E399242ED55B0027CA3F /* LoginViewModel.swift */,
				CD942D3F2443DFED00F9C8D9 /* LoginInteractor.swift */,
				CDCFC730244EA05B0072424A /* LoginClient.swift */,
			);
			path = Login;
			sourceTree = "<group>";
		};
		0B09E393242E53AC0027CA3F /* Restaurant */ = {
			isa = PBXGroup;
			children = (
				0B09E394242EA1530027CA3F /* RestaurnatListViewController.swift */,
			);
			path = Restaurant;
			sourceTree = "<group>";
		};
		0B09E398242EA4350027CA3F /* Extensions */ = {
			isa = PBXGroup;
			children = (
				0B09E396242EA1F10027CA3F /* UIResponderExt.swift */,
			);
			path = Extensions;
			sourceTree = "<group>";
		};
		CD4942F8243A99C5008E3938 /* Components */ = {
			isa = PBXGroup;
			children = (
				CD4942F9243A9A52008E3938 /* TextInput.swift */,
				CD4942FA243A9A52008E3938 /* TextView.swift */,
				CD4942FD243ABEB4008E3938 /* BaseButton.swift */,
			);
			path = Components;
			sourceTree = "<group>";
		};
/* End PBXGroup section */

/* Begin PBXNativeTarget section */
		0B09E34D242D06360027CA3F /* EatEat */ = {
			isa = PBXNativeTarget;
			buildConfigurationList = 0B09E378242D06390027CA3F /* Build configuration list for PBXNativeTarget "EatEat" */;
			buildPhases = (
				0B09E34A242D06360027CA3F /* Sources */,
				0B09E34B242D06360027CA3F /* Frameworks */,
				0B09E34C242D06360027CA3F /* Resources */,
			);
			buildRules = (
			);
			dependencies = (
			);
			name = EatEat;
			productName = eateat;
			productReference = 0B09E34E242D06360027CA3F /* EatEat.app */;
			productType = "com.apple.product-type.application";
		};
		0B09E363242D06390027CA3F /* EatEatTests */ = {
			isa = PBXNativeTarget;
			buildConfigurationList = 0B09E37B242D06390027CA3F /* Build configuration list for PBXNativeTarget "EatEatTests" */;
			buildPhases = (
				0B09E360242D06390027CA3F /* Sources */,
				0B09E361242D06390027CA3F /* Frameworks */,
				0B09E362242D06390027CA3F /* Resources */,
			);
			buildRules = (
			);
			dependencies = (
				0B09E366242D06390027CA3F /* PBXTargetDependency */,
			);
			name = EatEatTests;
			productName = eateatTests;
			productReference = 0B09E364242D06390027CA3F /* EatEatTests.xctest */;
			productType = "com.apple.product-type.bundle.unit-test";
		};
		0B09E36E242D06390027CA3F /* EatEatUITests */ = {
			isa = PBXNativeTarget;
			buildConfigurationList = 0B09E37E242D06390027CA3F /* Build configuration list for PBXNativeTarget "EatEatUITests" */;
			buildPhases = (
				0B09E36B242D06390027CA3F /* Sources */,
				0B09E36C242D06390027CA3F /* Frameworks */,
				0B09E36D242D06390027CA3F /* Resources */,
			);
			buildRules = (
			);
			dependencies = (
				0B09E371242D06390027CA3F /* PBXTargetDependency */,
			);
			name = EatEatUITests;
			productName = eateatUITests;
			productReference = 0B09E36F242D06390027CA3F /* EatEatUITests.xctest */;
			productType = "com.apple.product-type.bundle.ui-testing";
		};
/* End PBXNativeTarget section */

/* Begin PBXProject section */
		0B09E346242D06360027CA3F /* Project object */ = {
			isa = PBXProject;
			attributes = {
				LastSwiftUpdateCheck = 1130;
				LastUpgradeCheck = 1130;
				ORGANIZATIONNAME = "Roubert Silva";
				TargetAttributes = {
					0B09E34D242D06360027CA3F = {
						CreatedOnToolsVersion = 11.3;
					};
					0B09E363242D06390027CA3F = {
						CreatedOnToolsVersion = 11.3;
						TestTargetID = 0B09E34D242D06360027CA3F;
					};
					0B09E36E242D06390027CA3F = {
						CreatedOnToolsVersion = 11.3;
						TestTargetID = 0B09E34D242D06360027CA3F;
					};
				};
			};
			buildConfigurationList = 0B09E349242D06360027CA3F /* Build configuration list for PBXProject "EatEat" */;
			compatibilityVersion = "Xcode 9.3";
			developmentRegion = en;
			hasScannedForEncodings = 0;
			knownRegions = (
				en,
				Base,
				"pt-BR",
			);
			mainGroup = 0B09E345242D06360027CA3F;
			productRefGroup = 0B09E34F242D06360027CA3F /* Products */;
			projectDirPath = "";
			projectRoot = "";
			targets = (
				0B09E34D242D06360027CA3F /* EatEat */,
				0B09E363242D06390027CA3F /* EatEatTests */,
				0B09E36E242D06390027CA3F /* EatEatUITests */,
			);
		};
/* End PBXProject section */

/* Begin PBXResourcesBuildPhase section */
		0B09E34C242D06360027CA3F /* Resources */ = {
			isa = PBXResourcesBuildPhase;
			buildActionMask = 2147483647;
			files = (
				0B09E38B242D15AF0027CA3F /* LoginView.xib in Resources */,
				0B09E38E242D600C0027CA3F /* Localizable.strings in Resources */,
				0B09E35B242D06390027CA3F /* Assets.xcassets in Resources */,
			);
			runOnlyForDeploymentPostprocessing = 0;
		};
		0B09E362242D06390027CA3F /* Resources */ = {
			isa = PBXResourcesBuildPhase;
			buildActionMask = 2147483647;
			files = (
			);
			runOnlyForDeploymentPostprocessing = 0;
		};
		0B09E36D242D06390027CA3F /* Resources */ = {
			isa = PBXResourcesBuildPhase;
			buildActionMask = 2147483647;
			files = (
			);
			runOnlyForDeploymentPostprocessing = 0;
		};
/* End PBXResourcesBuildPhase section */

/* Begin PBXSourcesBuildPhase section */
		0B09E34A242D06360027CA3F /* Sources */ = {
			isa = PBXSourcesBuildPhase;
			buildActionMask = 2147483647;
			files = (
				CDCFC731244EA05B0072424A /* LoginClient.swift in Sources */,
				0B09E389242D15910027CA3F /* LoginViewController.swift in Sources */,
				CD942D402443DFED00F9C8D9 /* LoginInteractor.swift in Sources */,
				0B09E395242EA1530027CA3F /* RestaurnatListViewController.swift in Sources */,
				0B09E382242D0A8C0027CA3F /* SplashViewController.swift in Sources */,
				0B09E352242D06360027CA3F /* AppDelegate.swift in Sources */,
				0B09E397242EA1F10027CA3F /* UIResponderExt.swift in Sources */,
				0B09E354242D06360027CA3F /* SceneDelegate.swift in Sources */,
				CD4942FE243ABEB4008E3938 /* BaseButton.swift in Sources */,
				CD4942FC243A9A52008E3938 /* TextView.swift in Sources */,
				0B09E39A242ED55B0027CA3F /* LoginViewModel.swift in Sources */,
				CD4942FB243A9A52008E3938 /* TextInput.swift in Sources */,
			);
			runOnlyForDeploymentPostprocessing = 0;
		};
		0B09E360242D06390027CA3F /* Sources */ = {
			isa = PBXSourcesBuildPhase;
			buildActionMask = 2147483647;
			files = (
				0B09E369242D06390027CA3F /* eateatTests.swift in Sources */,
			);
			runOnlyForDeploymentPostprocessing = 0;
		};
		0B09E36B242D06390027CA3F /* Sources */ = {
			isa = PBXSourcesBuildPhase;
			buildActionMask = 2147483647;
			files = (
				0B09E374242D06390027CA3F /* eateatUITests.swift in Sources */,
			);
			runOnlyForDeploymentPostprocessing = 0;
		};
/* End PBXSourcesBuildPhase section */

/* Begin PBXTargetDependency section */
		0B09E366242D06390027CA3F /* PBXTargetDependency */ = {
			isa = PBXTargetDependency;
			target = 0B09E34D242D06360027CA3F /* EatEat */;
			targetProxy = 0B09E365242D06390027CA3F /* PBXContainerItemProxy */;
		};
		0B09E371242D06390027CA3F /* PBXTargetDependency */ = {
			isa = PBXTargetDependency;
			target = 0B09E34D242D06360027CA3F /* EatEat */;
			targetProxy = 0B09E370242D06390027CA3F /* PBXContainerItemProxy */;
		};
/* End PBXTargetDependency section */

/* Begin PBXVariantGroup section */
		0B09E390242D600C0027CA3F /* Localizable.strings */ = {
			isa = PBXVariantGroup;
			children = (
				0B09E38F242D600C0027CA3F /* en */,
				0B09E392242D619E0027CA3F /* pt-BR */,
			);
			name = Localizable.strings;
			sourceTree = "<group>";
		};
/* End PBXVariantGroup section */

/* Begin XCBuildConfiguration section */
		0B09E376242D06390027CA3F /* Debug */ = {
			isa = XCBuildConfiguration;
			buildSettings = {
				ALWAYS_SEARCH_USER_PATHS = NO;
				CLANG_ANALYZER_LOCALIZABILITY_NONLOCALIZED = YES;
				CLANG_ANALYZER_NONNULL = YES;
				CLANG_ANALYZER_NUMBER_OBJECT_CONVERSION = YES_AGGRESSIVE;
				CLANG_CXX_LANGUAGE_STANDARD = "gnu++14";
				CLANG_CXX_LIBRARY = "libc++";
				CLANG_ENABLE_MODULES = YES;
				CLANG_ENABLE_OBJC_ARC = YES;
				CLANG_ENABLE_OBJC_WEAK = YES;
				CLANG_WARN_BLOCK_CAPTURE_AUTORELEASING = YES;
				CLANG_WARN_BOOL_CONVERSION = YES;
				CLANG_WARN_COMMA = YES;
				CLANG_WARN_CONSTANT_CONVERSION = YES;
				CLANG_WARN_DEPRECATED_OBJC_IMPLEMENTATIONS = YES;
				CLANG_WARN_DIRECT_OBJC_ISA_USAGE = YES_ERROR;
				CLANG_WARN_DOCUMENTATION_COMMENTS = YES;
				CLANG_WARN_EMPTY_BODY = YES;
				CLANG_WARN_ENUM_CONVERSION = YES;
				CLANG_WARN_INFINITE_RECURSION = YES;
				CLANG_WARN_INT_CONVERSION = YES;
				CLANG_WARN_NON_LITERAL_NULL_CONVERSION = YES;
				CLANG_WARN_OBJC_IMPLICIT_RETAIN_SELF = YES;
				CLANG_WARN_OBJC_LITERAL_CONVERSION = YES;
				CLANG_WARN_OBJC_ROOT_CLASS = YES_ERROR;
				CLANG_WARN_RANGE_LOOP_ANALYSIS = YES;
				CLANG_WARN_STRICT_PROTOTYPES = YES;
				CLANG_WARN_SUSPICIOUS_MOVE = YES;
				CLANG_WARN_UNGUARDED_AVAILABILITY = YES_AGGRESSIVE;
				CLANG_WARN_UNREACHABLE_CODE = YES;
				CLANG_WARN__DUPLICATE_METHOD_MATCH = YES;
				COPY_PHASE_STRIP = NO;
				DEBUG_INFORMATION_FORMAT = dwarf;
				ENABLE_STRICT_OBJC_MSGSEND = YES;
				ENABLE_TESTABILITY = YES;
				GCC_C_LANGUAGE_STANDARD = gnu11;
				GCC_DYNAMIC_NO_PIC = NO;
				GCC_NO_COMMON_BLOCKS = YES;
				GCC_OPTIMIZATION_LEVEL = 0;
				GCC_PREPROCESSOR_DEFINITIONS = (
					"DEBUG=1",
					"$(inherited)",
				);
				GCC_WARN_64_TO_32_BIT_CONVERSION = YES;
				GCC_WARN_ABOUT_RETURN_TYPE = YES_ERROR;
				GCC_WARN_UNDECLARED_SELECTOR = YES;
				GCC_WARN_UNINITIALIZED_AUTOS = YES_AGGRESSIVE;
				GCC_WARN_UNUSED_FUNCTION = YES;
				GCC_WARN_UNUSED_VARIABLE = YES;
				IPHONEOS_DEPLOYMENT_TARGET = 13.2;
				MTL_ENABLE_DEBUG_INFO = INCLUDE_SOURCE;
				MTL_FAST_MATH = YES;
				ONLY_ACTIVE_ARCH = YES;
				SDKROOT = iphoneos;
				SWIFT_ACTIVE_COMPILATION_CONDITIONS = DEBUG;
				SWIFT_OPTIMIZATION_LEVEL = "-Onone";
			};
			name = Debug;
		};
		0B09E377242D06390027CA3F /* Release */ = {
			isa = XCBuildConfiguration;
			buildSettings = {
				ALWAYS_SEARCH_USER_PATHS = NO;
				CLANG_ANALYZER_LOCALIZABILITY_NONLOCALIZED = YES;
				CLANG_ANALYZER_NONNULL = YES;
				CLANG_ANALYZER_NUMBER_OBJECT_CONVERSION = YES_AGGRESSIVE;
				CLANG_CXX_LANGUAGE_STANDARD = "gnu++14";
				CLANG_CXX_LIBRARY = "libc++";
				CLANG_ENABLE_MODULES = YES;
				CLANG_ENABLE_OBJC_ARC = YES;
				CLANG_ENABLE_OBJC_WEAK = YES;
				CLANG_WARN_BLOCK_CAPTURE_AUTORELEASING = YES;
				CLANG_WARN_BOOL_CONVERSION = YES;
				CLANG_WARN_COMMA = YES;
				CLANG_WARN_CONSTANT_CONVERSION = YES;
				CLANG_WARN_DEPRECATED_OBJC_IMPLEMENTATIONS = YES;
				CLANG_WARN_DIRECT_OBJC_ISA_USAGE = YES_ERROR;
				CLANG_WARN_DOCUMENTATION_COMMENTS = YES;
				CLANG_WARN_EMPTY_BODY = YES;
				CLANG_WARN_ENUM_CONVERSION = YES;
				CLANG_WARN_INFINITE_RECURSION = YES;
				CLANG_WARN_INT_CONVERSION = YES;
				CLANG_WARN_NON_LITERAL_NULL_CONVERSION = YES;
				CLANG_WARN_OBJC_IMPLICIT_RETAIN_SELF = YES;
				CLANG_WARN_OBJC_LITERAL_CONVERSION = YES;
				CLANG_WARN_OBJC_ROOT_CLASS = YES_ERROR;
				CLANG_WARN_RANGE_LOOP_ANALYSIS = YES;
				CLANG_WARN_STRICT_PROTOTYPES = YES;
				CLANG_WARN_SUSPICIOUS_MOVE = YES;
				CLANG_WARN_UNGUARDED_AVAILABILITY = YES_AGGRESSIVE;
				CLANG_WARN_UNREACHABLE_CODE = YES;
				CLANG_WARN__DUPLICATE_METHOD_MATCH = YES;
				COPY_PHASE_STRIP = NO;
				DEBUG_INFORMATION_FORMAT = "dwarf-with-dsym";
				ENABLE_NS_ASSERTIONS = NO;
				ENABLE_STRICT_OBJC_MSGSEND = YES;
				GCC_C_LANGUAGE_STANDARD = gnu11;
				GCC_NO_COMMON_BLOCKS = YES;
				GCC_WARN_64_TO_32_BIT_CONVERSION = YES;
				GCC_WARN_ABOUT_RETURN_TYPE = YES_ERROR;
				GCC_WARN_UNDECLARED_SELECTOR = YES;
				GCC_WARN_UNINITIALIZED_AUTOS = YES_AGGRESSIVE;
				GCC_WARN_UNUSED_FUNCTION = YES;
				GCC_WARN_UNUSED_VARIABLE = YES;
				IPHONEOS_DEPLOYMENT_TARGET = 13.2;
				MTL_ENABLE_DEBUG_INFO = NO;
				MTL_FAST_MATH = YES;
				SDKROOT = iphoneos;
				SWIFT_COMPILATION_MODE = wholemodule;
				SWIFT_OPTIMIZATION_LEVEL = "-O";
				VALIDATE_PRODUCT = YES;
			};
			name = Release;
		};
		0B09E379242D06390027CA3F /* Debug */ = {
			isa = XCBuildConfiguration;
			buildSettings = {
				ASSETCATALOG_COMPILER_APPICON_NAME = AppIcon;
				CODE_SIGN_STYLE = Automatic;
				INFOPLIST_FILE = eateat/Info.plist;
				LD_RUNPATH_SEARCH_PATHS = (
					"$(inherited)",
					"@executable_path/Frameworks",
				);
				PRODUCT_BUNDLE_IDENTIFIER = com.downstairs.eateat;
				PRODUCT_NAME = "$(TARGET_NAME)";
				SWIFT_VERSION = 5.0;
				TARGETED_DEVICE_FAMILY = "1,2";
			};
			name = Debug;
		};
		0B09E37A242D06390027CA3F /* Release */ = {
			isa = XCBuildConfiguration;
			buildSettings = {
				ASSETCATALOG_COMPILER_APPICON_NAME = AppIcon;
				CODE_SIGN_STYLE = Automatic;
				INFOPLIST_FILE = eateat/Info.plist;
				LD_RUNPATH_SEARCH_PATHS = (
					"$(inherited)",
					"@executable_path/Frameworks",
				);
				PRODUCT_BUNDLE_IDENTIFIER = com.downstairs.eateat;
				PRODUCT_NAME = "$(TARGET_NAME)";
				SWIFT_VERSION = 5.0;
				TARGETED_DEVICE_FAMILY = "1,2";
			};
			name = Release;
		};
		0B09E37C242D06390027CA3F /* Debug */ = {
			isa = XCBuildConfiguration;
			buildSettings = {
				ALWAYS_EMBED_SWIFT_STANDARD_LIBRARIES = YES;
				BUNDLE_LOADER = "$(TEST_HOST)";
				CODE_SIGN_STYLE = Automatic;
				INFOPLIST_FILE = eateatTests/Info.plist;
				IPHONEOS_DEPLOYMENT_TARGET = 13.2;
				LD_RUNPATH_SEARCH_PATHS = (
					"$(inherited)",
					"@executable_path/Frameworks",
					"@loader_path/Frameworks",
				);
				PRODUCT_BUNDLE_IDENTIFIER = com.downstairs.eateatTests;
				PRODUCT_NAME = "$(TARGET_NAME)";
				SWIFT_VERSION = 5.0;
				TARGETED_DEVICE_FAMILY = "1,2";
				TEST_HOST = "$(BUILT_PRODUCTS_DIR)/EatEat.app/EatEat";
			};
			name = Debug;
		};
		0B09E37D242D06390027CA3F /* Release */ = {
			isa = XCBuildConfiguration;
			buildSettings = {
				ALWAYS_EMBED_SWIFT_STANDARD_LIBRARIES = YES;
				BUNDLE_LOADER = "$(TEST_HOST)";
				CODE_SIGN_STYLE = Automatic;
				INFOPLIST_FILE = eateatTests/Info.plist;
				IPHONEOS_DEPLOYMENT_TARGET = 13.2;
				LD_RUNPATH_SEARCH_PATHS = (
					"$(inherited)",
					"@executable_path/Frameworks",
					"@loader_path/Frameworks",
				);
				PRODUCT_BUNDLE_IDENTIFIER = com.downstairs.eateatTests;
				PRODUCT_NAME = "$(TARGET_NAME)";
				SWIFT_VERSION = 5.0;
				TARGETED_DEVICE_FAMILY = "1,2";
				TEST_HOST = "$(BUILT_PRODUCTS_DIR)/EatEat.app/EatEat";
			};
			name = Release;
		};
		0B09E37F242D06390027CA3F /* Debug */ = {
			isa = XCBuildConfiguration;
			buildSettings = {
				ALWAYS_EMBED_SWIFT_STANDARD_LIBRARIES = YES;
				CODE_SIGN_STYLE = Automatic;
				INFOPLIST_FILE = eateatUITests/Info.plist;
				LD_RUNPATH_SEARCH_PATHS = (
					"$(inherited)",
					"@executable_path/Frameworks",
					"@loader_path/Frameworks",
				);
				PRODUCT_BUNDLE_IDENTIFIER = com.downstairs.eateatUITests;
				PRODUCT_NAME = "$(TARGET_NAME)";
				SWIFT_VERSION = 5.0;
				TARGETED_DEVICE_FAMILY = "1,2";
				TEST_TARGET_NAME = eateat;
			};
			name = Debug;
		};
		0B09E380242D06390027CA3F /* Release */ = {
			isa = XCBuildConfiguration;
			buildSettings = {
				ALWAYS_EMBED_SWIFT_STANDARD_LIBRARIES = YES;
				CODE_SIGN_STYLE = Automatic;
				INFOPLIST_FILE = eateatUITests/Info.plist;
				LD_RUNPATH_SEARCH_PATHS = (
					"$(inherited)",
					"@executable_path/Frameworks",
					"@loader_path/Frameworks",
				);
				PRODUCT_BUNDLE_IDENTIFIER = com.downstairs.eateatUITests;
				PRODUCT_NAME = "$(TARGET_NAME)";
				SWIFT_VERSION = 5.0;
				TARGETED_DEVICE_FAMILY = "1,2";
				TEST_TARGET_NAME = eateat;
			};
			name = Release;
		};
/* End XCBuildConfiguration section */

/* Begin XCConfigurationList section */
		0B09E349242D06360027CA3F /* Build configuration list for PBXProject "EatEat" */ = {
			isa = XCConfigurationList;
			buildConfigurations = (
				0B09E376242D06390027CA3F /* Debug */,
				0B09E377242D06390027CA3F /* Release */,
			);
			defaultConfigurationIsVisible = 0;
			defaultConfigurationName = Release;
		};
		0B09E378242D06390027CA3F /* Build configuration list for PBXNativeTarget "EatEat" */ = {
			isa = XCConfigurationList;
			buildConfigurations = (
				0B09E379242D06390027CA3F /* Debug */,
				0B09E37A242D06390027CA3F /* Release */,
			);
			defaultConfigurationIsVisible = 0;
			defaultConfigurationName = Release;
		};
		0B09E37B242D06390027CA3F /* Build configuration list for PBXNativeTarget "EatEatTests" */ = {
			isa = XCConfigurationList;
			buildConfigurations = (
				0B09E37C242D06390027CA3F /* Debug */,
				0B09E37D242D06390027CA3F /* Release */,
			);
			defaultConfigurationIsVisible = 0;
			defaultConfigurationName = Release;
		};
		0B09E37E242D06390027CA3F /* Build configuration list for PBXNativeTarget "EatEatUITests" */ = {
			isa = XCConfigurationList;
			buildConfigurations = (
				0B09E37F242D06390027CA3F /* Debug */,
				0B09E380242D06390027CA3F /* Release */,
			);
			defaultConfigurationIsVisible = 0;
			defaultConfigurationName = Release;
		};
/* End XCConfigurationList section */
	};
	rootObject = 0B09E346242D06360027CA3F /* Project object */;
}
